
Microsoft Visual Studio Solution File, Format Version 12.00
# Visual Studio Version 17
VisualStudioVersion = 17.11.35303.130
MinimumVisualStudioVersion = 10.0.40219.1
Project("{FAE04EC0-301F-11D3-BF4B-00C04F79EFBC}") = "تمرین 1", "تمرین 1\تمرین 1.csproj", "{5BFC977A-F757-4007-BAFA-F4E3D042BE14}"
EndProject
Global
	GlobalSection(SolutionConfigurationPlatforms) = preSolution
		Debug|Any CPU = Debug|Any CPU
		Release|Any CPU = Release|Any CPU
	EndGlobalSection
	GlobalSection(ProjectConfigurationPlatforms) = postSolution
		{5BFC977A-F757-4007-BAFA-F4E3D042BE14}.Debug|Any CPU.ActiveCfg = Debug|Any CPU
		{5BFC977A-F757-4007-BAFA-F4E3D042BE14}.Debug|Any CPU.Build.0 = Debug|Any CPU
		{5BFC977A-F757-4007-BAFA-F4E3D042BE14}.Release|Any CPU.ActiveCfg = Release|Any CPU
		{5BFC977A-F757-4007-BAFA-F4E3D042BE14}.Release|Any CPU.Build.0 = Release|Any CPU
	EndGlobalSection
	GlobalSection(SolutionProperties) = preSolution
		HideSolutionNode = FALSE
	EndGlobalSection
	GlobalSection(ExtensibilityGlobals) = postSolution
		SolutionGuid = {DEF3773D-B9C0-47B3-A419-A85C639D619C}
	EndGlobalSection
EndGlobal
